
Microsoft Visual Studio Solution File, Format Version 12.00
# Visual Studio Express 2012 for Web
Project("{FAE04EC0-301F-11D3-BF4B-00C04F79EFBC}") = "mvcstore", "mvcstore\mvcstore.csproj", "{CBFB92F3-6281-4054-88DE-E09B683CB490}"
EndProject
Project("{FAE04EC0-301F-11D3-BF4B-00C04F79EFBC}") = "mvcstore.Tests", "mvcstore.Tests\mvcstore.Tests.csproj", "{3753AB05-1982-44EC-8E1A-0248B671E18E}"
EndProject
Global
	GlobalSection(SolutionConfigurationPlatforms) = preSolution
		Debug|Any CPU = Debug|Any CPU
		Release|Any CPU = Release|Any CPU
	EndGlobalSection
	GlobalSection(ProjectConfigurationPlatforms) = postSolution
		{CBFB92F3-6281-4054-88DE-E09B683CB490}.Debug|Any CPU.ActiveCfg = Debug|Any CPU
		{CBFB92F3-6281-4054-88DE-E09B683CB490}.Debug|Any CPU.Build.0 = Debug|Any CPU
		{CBFB92F3-6281-4054-88DE-E09B683CB490}.Release|Any CPU.ActiveCfg = Release|Any CPU
		{CBFB92F3-6281-4054-88DE-E09B683CB490}.Release|Any CPU.Build.0 = Release|Any CPU
		{3753AB05-1982-44EC-8E1A-0248B671E18E}.Debug|Any CPU.ActiveCfg = Debug|Any CPU
		{3753AB05-1982-44EC-8E1A-0248B671E18E}.Debug|Any CPU.Build.0 = Debug|Any CPU
		{3753AB05-1982-44EC-8E1A-0248B671E18E}.Release|Any CPU.ActiveCfg = Release|Any CPU
		{3753AB05-1982-44EC-8E1A-0248B671E18E}.Release|Any CPU.Build.0 = Release|Any CPU
	EndGlobalSection
	GlobalSection(SolutionProperties) = preSolution
		HideSolutionNode = FALSE
	EndGlobalSection
EndGlobal
